
Microsoft Visual Studio Solution File, Format Version 12.00
# Visual Studio Version 17
VisualStudioVersion = 17.8.34330.188
MinimumVisualStudioVersion = 10.0.40219.1
Project("{FAE04EC0-301F-11D3-BF4B-00C04F79EFBC}") = "CarService", "CarService\CarService.csproj", "{09D38C13-61C6-4440-8BB0-B7F2757EEBCB}"
EndProject
Global
	GlobalSection(SolutionConfigurationPlatforms) = preSolution
		Debug|Any CPU = Debug|Any CPU
		Release|Any CPU = Release|Any CPU
	EndGlobalSection
	GlobalSection(ProjectConfigurationPlatforms) = postSolution
		{09D38C13-61C6-4440-8BB0-B7F2757EEBCB}.Debug|Any CPU.ActiveCfg = Debug|Any CPU
		{09D38C13-61C6-4440-8BB0-B7F2757EEBCB}.Debug|Any CPU.Build.0 = Debug|Any CPU
		{09D38C13-61C6-4440-8BB0-B7F2757EEBCB}.Release|Any CPU.ActiveCfg = Release|Any CPU
		{09D38C13-61C6-4440-8BB0-B7F2757EEBCB}.Release|Any CPU.Build.0 = Release|Any CPU
	EndGlobalSection
	GlobalSection(SolutionProperties) = preSolution
		HideSolutionNode = FALSE
	EndGlobalSection
	GlobalSection(ExtensibilityGlobals) = postSolution
		SolutionGuid = {4BB94C3B-06DF-4544-95BC-7950B97DAB2F}
	EndGlobalSection
EndGlobal
